
Microsoft Visual Studio Solution File, Format Version 12.00
# Visual Studio Version 17
VisualStudioVersion = 17.6.33815.320
MinimumVisualStudioVersion = 10.0.40219.1
Project("{FAE04EC0-301F-11D3-BF4B-00C04F79EFBC}") = "ConsoleTarsas", "ConsoleTarsas\ConsoleTarsas.csproj", "{D23C0654-4491-400C-B0E7-8856F63FCAE7}"
EndProject
Global
	GlobalSection(SolutionConfigurationPlatforms) = preSolution
		Debug|Any CPU = Debug|Any CPU
		Release|Any CPU = Release|Any CPU
	EndGlobalSection
	GlobalSection(ProjectConfigurationPlatforms) = postSolution
		{D23C0654-4491-400C-B0E7-8856F63FCAE7}.Debug|Any CPU.ActiveCfg = Debug|Any CPU
		{D23C0654-4491-400C-B0E7-8856F63FCAE7}.Debug|Any CPU.Build.0 = Debug|Any CPU
		{D23C0654-4491-400C-B0E7-8856F63FCAE7}.Release|Any CPU.ActiveCfg = Release|Any CPU
		{D23C0654-4491-400C-B0E7-8856F63FCAE7}.Release|Any CPU.Build.0 = Release|Any CPU
	EndGlobalSection
	GlobalSection(SolutionProperties) = preSolution
		HideSolutionNode = FALSE
	EndGlobalSection
	GlobalSection(ExtensibilityGlobals) = postSolution
		SolutionGuid = {4630C7F7-E93C-4BE9-BD09-E4B329EF41BA}
	EndGlobalSection
EndGlobal
